
Microsoft Visual Studio Solution File, Format Version 12.00
# Visual Studio Version 16
VisualStudioVersion = 16.0.30621.155
MinimumVisualStudioVersion = 10.0.40219.1
Project("{FAE04EC0-301F-11D3-BF4B-00C04F79EFBC}") = "XamarinLearn.Android", "XamarinLearn\XamarinLearn.Android\XamarinLearn.Android.csproj", "{AE33C76B-05F9-4238-B222-1F8A21E9E51A}"
EndProject
Project("{FAE04EC0-301F-11D3-BF4B-00C04F79EFBC}") = "XamarinLearn.iOS", "XamarinLearn\XamarinLearn.iOS\XamarinLearn.iOS.csproj", "{CDC9D3C2-5559-4372-8BEC-12812FD6DA58}"
EndProject
Project("{FAE04EC0-301F-11D3-BF4B-00C04F79EFBC}") = "XamarinLearn", "XamarinLearn\XamarinLearn\XamarinLearn.csproj", "{1CB56E62-A292-4AEC-B0CD-047E9014955A}"
EndProject
Global
	GlobalSection(SolutionConfigurationPlatforms) = preSolution
		Debug|Any CPU = Debug|Any CPU
		Debug|iPhone = Debug|iPhone
		Debug|iPhoneSimulator = Debug|iPhoneSimulator
		Release|Any CPU = Release|Any CPU
		Release|iPhone = Release|iPhone
		Release|iPhoneSimulator = Release|iPhoneSimulator
	EndGlobalSection
	GlobalSection(ProjectConfigurationPlatforms) = postSolution
		{AE33C76B-05F9-4238-B222-1F8A21E9E51A}.Debug|Any CPU.ActiveCfg = Debug|Any CPU
		{AE33C76B-05F9-4238-B222-1F8A21E9E51A}.Debug|Any CPU.Build.0 = Debug|Any CPU
		{AE33C76B-05F9-4238-B222-1F8A21E9E51A}.Debug|Any CPU.Deploy.0 = Debug|Any CPU
		{AE33C76B-05F9-4238-B222-1F8A21E9E51A}.Debug|iPhone.ActiveCfg = Debug|Any CPU
		{AE33C76B-05F9-4238-B222-1F8A21E9E51A}.Debug|iPhone.Build.0 = Debug|Any CPU
		{AE33C76B-05F9-4238-B222-1F8A21E9E51A}.Debug|iPhone.Deploy.0 = Debug|Any CPU
		{AE33C76B-05F9-4238-B222-1F8A21E9E51A}.Debug|iPhoneSimulator.ActiveCfg = Debug|Any CPU
		{AE33C76B-05F9-4238-B222-1F8A21E9E51A}.Debug|iPhoneSimulator.Build.0 = Debug|Any CPU
		{AE33C76B-05F9-4238-B222-1F8A21E9E51A}.Debug|iPhoneSimulator.Deploy.0 = Debug|Any CPU
		{AE33C76B-05F9-4238-B222-1F8A21E9E51A}.Release|Any CPU.ActiveCfg = Release|Any CPU
		{AE33C76B-05F9-4238-B222-1F8A21E9E51A}.Release|Any CPU.Build.0 = Release|Any CPU
		{AE33C76B-05F9-4238-B222-1F8A21E9E51A}.Release|Any CPU.Deploy.0 = Release|Any CPU
		{AE33C76B-05F9-4238-B222-1F8A21E9E51A}.Release|iPhone.ActiveCfg = Release|Any CPU
		{AE33C76B-05F9-4238-B222-1F8A21E9E51A}.Release|iPhone.Build.0 = Release|Any CPU
		{AE33C76B-05F9-4238-B222-1F8A21E9E51A}.Release|iPhone.Deploy.0 = Release|Any CPU
		{AE33C76B-05F9-4238-B222-1F8A21E9E51A}.Release|iPhoneSimulator.ActiveCfg = Release|Any CPU
		{AE33C76B-05F9-4238-B222-1F8A21E9E51A}.Release|iPhoneSimulator.Build.0 = Release|Any CPU
		{AE33C76B-05F9-4238-B222-1F8A21E9E51A}.Release|iPhoneSimulator.Deploy.0 = Release|Any CPU
		{CDC9D3C2-5559-4372-8BEC-12812FD6DA58}.Debug|Any CPU.ActiveCfg = Debug|iPhoneSimulator
		{CDC9D3C2-5559-4372-8BEC-12812FD6DA58}.Debug|iPhone.ActiveCfg = Debug|iPhone
		{CDC9D3C2-5559-4372-8BEC-12812FD6DA58}.Debug|iPhone.Build.0 = Debug|iPhone
		{CDC9D3C2-5559-4372-8BEC-12812FD6DA58}.Debug|iPhoneSimulator.ActiveCfg = Debug|iPhoneSimulator
		{CDC9D3C2-5559-4372-8BEC-12812FD6DA58}.Debug|iPhoneSimulator.Build.0 = Debug|iPhoneSimulator
		{CDC9D3C2-5559-4372-8BEC-12812FD6DA58}.Release|Any CPU.ActiveCfg = Release|iPhoneSimulator
		{CDC9D3C2-5559-4372-8BEC-12812FD6DA58}.Release|iPhone.ActiveCfg = Release|iPhone
		{CDC9D3C2-5559-4372-8BEC-12812FD6DA58}.Release|iPhone.Build.0 = Release|iPhone
		{CDC9D3C2-5559-4372-8BEC-12812FD6DA58}.Release|iPhoneSimulator.ActiveCfg = Release|iPhoneSimulator
		{CDC9D3C2-5559-4372-8BEC-12812FD6DA58}.Release|iPhoneSimulator.Build.0 = Release|iPhoneSimulator
		{1CB56E62-A292-4AEC-B0CD-047E9014955A}.Debug|Any CPU.ActiveCfg = Debug|Any CPU
		{1CB56E62-A292-4AEC-B0CD-047E9014955A}.Debug|Any CPU.Build.0 = Debug|Any CPU
		{1CB56E62-A292-4AEC-B0CD-047E9014955A}.Debug|iPhone.ActiveCfg = Debug|Any CPU
		{1CB56E62-A292-4AEC-B0CD-047E9014955A}.Debug|iPhone.Build.0 = Debug|Any CPU
		{1CB56E62-A292-4AEC-B0CD-047E9014955A}.Debug|iPhoneSimulator.ActiveCfg = Debug|Any CPU
		{1CB56E62-A292-4AEC-B0CD-047E9014955A}.Debug|iPhoneSimulator.Build.0 = Debug|Any CPU
		{1CB56E62-A292-4AEC-B0CD-047E9014955A}.Release|Any CPU.ActiveCfg = Release|Any CPU
		{1CB56E62-A292-4AEC-B0CD-047E9014955A}.Release|Any CPU.Build.0 = Release|Any CPU
		{1CB56E62-A292-4AEC-B0CD-047E9014955A}.Release|iPhone.ActiveCfg = Release|Any CPU
		{1CB56E62-A292-4AEC-B0CD-047E9014955A}.Release|iPhone.Build.0 = Release|Any CPU
		{1CB56E62-A292-4AEC-B0CD-047E9014955A}.Release|iPhoneSimulator.ActiveCfg = Release|Any CPU
		{1CB56E62-A292-4AEC-B0CD-047E9014955A}.Release|iPhoneSimulator.Build.0 = Release|Any CPU
	EndGlobalSection
	GlobalSection(SolutionProperties) = preSolution
		HideSolutionNode = FALSE
	EndGlobalSection
	GlobalSection(ExtensibilityGlobals) = postSolution
		SolutionGuid = {9AA7A745-C874-4AA0-A6B9-2482630965A3}
	EndGlobalSection
EndGlobal
