
Microsoft Visual Studio Solution File, Format Version 12.00
# Visual Studio Version 16
VisualStudioVersion = 16.0.30621.155
MinimumVisualStudioVersion = 10.0.40219.1
Project("{FAE04EC0-301F-11D3-BF4B-00C04F79EFBC}") = "XamarinDemo.Android", "..\XamarinDemo\XamarinDemo.Android\XamarinDemo.Android.csproj", "{1AC409D6-3682-4FB6-9721-6E72EE445145}"
EndProject
Project("{FAE04EC0-301F-11D3-BF4B-00C04F79EFBC}") = "XamarinDemo.iOS", "..\XamarinDemo\XamarinDemo.iOS\XamarinDemo.iOS.csproj", "{EDEAC178-06A3-4ED6-B8E6-F1845291D73F}"
EndProject
Project("{FAE04EC0-301F-11D3-BF4B-00C04F79EFBC}") = "XamarinDemo", "..\XamarinDemo\XamarinDemo\XamarinDemo.csproj", "{AADCA278-4239-4FE5-81B9-236BA0989243}"
EndProject
Global
	GlobalSection(SolutionConfigurationPlatforms) = preSolution
		Debug|Any CPU = Debug|Any CPU
		Debug|iPhone = Debug|iPhone
		Debug|iPhoneSimulator = Debug|iPhoneSimulator
		Release|Any CPU = Release|Any CPU
		Release|iPhone = Release|iPhone
		Release|iPhoneSimulator = Release|iPhoneSimulator
	EndGlobalSection
	GlobalSection(ProjectConfigurationPlatforms) = postSolution
		{1AC409D6-3682-4FB6-9721-6E72EE445145}.Debug|Any CPU.ActiveCfg = Debug|Any CPU
		{1AC409D6-3682-4FB6-9721-6E72EE445145}.Debug|Any CPU.Build.0 = Debug|Any CPU
		{1AC409D6-3682-4FB6-9721-6E72EE445145}.Debug|Any CPU.Deploy.0 = Debug|Any CPU
		{1AC409D6-3682-4FB6-9721-6E72EE445145}.Debug|iPhone.ActiveCfg = Debug|Any CPU
		{1AC409D6-3682-4FB6-9721-6E72EE445145}.Debug|iPhone.Build.0 = Debug|Any CPU
		{1AC409D6-3682-4FB6-9721-6E72EE445145}.Debug|iPhone.Deploy.0 = Debug|Any CPU
		{1AC409D6-3682-4FB6-9721-6E72EE445145}.Debug|iPhoneSimulator.ActiveCfg = Debug|Any CPU
		{1AC409D6-3682-4FB6-9721-6E72EE445145}.Debug|iPhoneSimulator.Build.0 = Debug|Any CPU
		{1AC409D6-3682-4FB6-9721-6E72EE445145}.Debug|iPhoneSimulator.Deploy.0 = Debug|Any CPU
		{1AC409D6-3682-4FB6-9721-6E72EE445145}.Release|Any CPU.ActiveCfg = Release|Any CPU
		{1AC409D6-3682-4FB6-9721-6E72EE445145}.Release|Any CPU.Build.0 = Release|Any CPU
		{1AC409D6-3682-4FB6-9721-6E72EE445145}.Release|Any CPU.Deploy.0 = Release|Any CPU
		{1AC409D6-3682-4FB6-9721-6E72EE445145}.Release|iPhone.ActiveCfg = Release|Any CPU
		{1AC409D6-3682-4FB6-9721-6E72EE445145}.Release|iPhone.Build.0 = Release|Any CPU
		{1AC409D6-3682-4FB6-9721-6E72EE445145}.Release|iPhone.Deploy.0 = Release|Any CPU
		{1AC409D6-3682-4FB6-9721-6E72EE445145}.Release|iPhoneSimulator.ActiveCfg = Release|Any CPU
		{1AC409D6-3682-4FB6-9721-6E72EE445145}.Release|iPhoneSimulator.Build.0 = Release|Any CPU
		{1AC409D6-3682-4FB6-9721-6E72EE445145}.Release|iPhoneSimulator.Deploy.0 = Release|Any CPU
		{EDEAC178-06A3-4ED6-B8E6-F1845291D73F}.Debug|Any CPU.ActiveCfg = Debug|iPhoneSimulator
		{EDEAC178-06A3-4ED6-B8E6-F1845291D73F}.Debug|iPhone.ActiveCfg = Debug|iPhone
		{EDEAC178-06A3-4ED6-B8E6-F1845291D73F}.Debug|iPhone.Build.0 = Debug|iPhone
		{EDEAC178-06A3-4ED6-B8E6-F1845291D73F}.Debug|iPhoneSimulator.ActiveCfg = Debug|iPhoneSimulator
		{EDEAC178-06A3-4ED6-B8E6-F1845291D73F}.Debug|iPhoneSimulator.Build.0 = Debug|iPhoneSimulator
		{EDEAC178-06A3-4ED6-B8E6-F1845291D73F}.Release|Any CPU.ActiveCfg = Release|iPhoneSimulator
		{EDEAC178-06A3-4ED6-B8E6-F1845291D73F}.Release|iPhone.ActiveCfg = Release|iPhone
		{EDEAC178-06A3-4ED6-B8E6-F1845291D73F}.Release|iPhone.Build.0 = Release|iPhone
		{EDEAC178-06A3-4ED6-B8E6-F1845291D73F}.Release|iPhoneSimulator.ActiveCfg = Release|iPhoneSimulator
		{EDEAC178-06A3-4ED6-B8E6-F1845291D73F}.Release|iPhoneSimulator.Build.0 = Release|iPhoneSimulator
		{AADCA278-4239-4FE5-81B9-236BA0989243}.Debug|Any CPU.ActiveCfg = Debug|Any CPU
		{AADCA278-4239-4FE5-81B9-236BA0989243}.Debug|Any CPU.Build.0 = Debug|Any CPU
		{AADCA278-4239-4FE5-81B9-236BA0989243}.Debug|iPhone.ActiveCfg = Debug|Any CPU
		{AADCA278-4239-4FE5-81B9-236BA0989243}.Debug|iPhone.Build.0 = Debug|Any CPU
		{AADCA278-4239-4FE5-81B9-236BA0989243}.Debug|iPhoneSimulator.ActiveCfg = Debug|Any CPU
		{AADCA278-4239-4FE5-81B9-236BA0989243}.Debug|iPhoneSimulator.Build.0 = Debug|Any CPU
		{AADCA278-4239-4FE5-81B9-236BA0989243}.Release|Any CPU.ActiveCfg = Release|Any CPU
		{AADCA278-4239-4FE5-81B9-236BA0989243}.Release|Any CPU.Build.0 = Release|Any CPU
		{AADCA278-4239-4FE5-81B9-236BA0989243}.Release|iPhone.ActiveCfg = Release|Any CPU
		{AADCA278-4239-4FE5-81B9-236BA0989243}.Release|iPhone.Build.0 = Release|Any CPU
		{AADCA278-4239-4FE5-81B9-236BA0989243}.Release|iPhoneSimulator.ActiveCfg = Release|Any CPU
		{AADCA278-4239-4FE5-81B9-236BA0989243}.Release|iPhoneSimulator.Build.0 = Release|Any CPU
	EndGlobalSection
	GlobalSection(SolutionProperties) = preSolution
		HideSolutionNode = FALSE
	EndGlobalSection
	GlobalSection(ExtensibilityGlobals) = postSolution
		SolutionGuid = {9AA7A745-C874-4AA0-A6B9-2482630965A3}
	EndGlobalSection
EndGlobal
